
Microsoft Visual Studio Solution File, Format Version 12.00
# Visual Studio Version 17
VisualStudioVersion = 17.13.35931.197 d17.13
MinimumVisualStudioVersion = 10.0.40219.1
Project("{FAE04EC0-301F-11D3-BF4B-00C04F79EFBC}") = "Bikes_App", "Bikes_App\Bikes_App.csproj", "{86D5E7D5-0B9E-486E-9BAB-B4A17E8CD4A6}"
EndProject
Global
	GlobalSection(SolutionConfigurationPlatforms) = preSolution
		Debug|Any CPU = Debug|Any CPU
		Release|Any CPU = Release|Any CPU
	EndGlobalSection
	GlobalSection(ProjectConfigurationPlatforms) = postSolution
		{86D5E7D5-0B9E-486E-9BAB-B4A17E8CD4A6}.Debug|Any CPU.ActiveCfg = Debug|Any CPU
		{86D5E7D5-0B9E-486E-9BAB-B4A17E8CD4A6}.Debug|Any CPU.Build.0 = Debug|Any CPU
		{86D5E7D5-0B9E-486E-9BAB-B4A17E8CD4A6}.Release|Any CPU.ActiveCfg = Release|Any CPU
		{86D5E7D5-0B9E-486E-9BAB-B4A17E8CD4A6}.Release|Any CPU.Build.0 = Release|Any CPU
	EndGlobalSection
	GlobalSection(SolutionProperties) = preSolution
		HideSolutionNode = FALSE
	EndGlobalSection
	GlobalSection(ExtensibilityGlobals) = postSolution
		SolutionGuid = {634C7FC9-7934-49B0-AD83-234EA89DC025}
	EndGlobalSection
EndGlobal
